
Microsoft Visual Studio Solution File, Format Version 12.00
# Visual Studio Version 17
VisualStudioVersion = 17.11.35222.181
MinimumVisualStudioVersion = 10.0.40219.1
Project("{8BC9CEB8-8B4A-11D0-8D11-00A0C91BC942}") = "lab6.4.rek", "lab6.4.rek.vcxproj", "{3A62E318-C7A0-4C2B-A847-5A7C41FCD9B1}"
EndProject
Project("{8BC9CEB8-8B4A-11D0-8D11-00A0C91BC942}") = "UnitTest6.4.rek", "..\UnitTest6.4.rek\UnitTest6.4.rek.vcxproj", "{F9F9555D-67AB-4F2A-80CC-44DB880E9806}"
EndProject
Global
	GlobalSection(SolutionConfigurationPlatforms) = preSolution
		Debug|x64 = Debug|x64
		Debug|x86 = Debug|x86
		Release|x64 = Release|x64
		Release|x86 = Release|x86
	EndGlobalSection
	GlobalSection(ProjectConfigurationPlatforms) = postSolution
		{3A62E318-C7A0-4C2B-A847-5A7C41FCD9B1}.Debug|x64.ActiveCfg = Debug|x64
		{3A62E318-C7A0-4C2B-A847-5A7C41FCD9B1}.Debug|x64.Build.0 = Debug|x64
		{3A62E318-C7A0-4C2B-A847-5A7C41FCD9B1}.Debug|x86.ActiveCfg = Debug|Win32
		{3A62E318-C7A0-4C2B-A847-5A7C41FCD9B1}.Debug|x86.Build.0 = Debug|Win32
		{3A62E318-C7A0-4C2B-A847-5A7C41FCD9B1}.Release|x64.ActiveCfg = Release|x64
		{3A62E318-C7A0-4C2B-A847-5A7C41FCD9B1}.Release|x64.Build.0 = Release|x64
		{3A62E318-C7A0-4C2B-A847-5A7C41FCD9B1}.Release|x86.ActiveCfg = Release|Win32
		{3A62E318-C7A0-4C2B-A847-5A7C41FCD9B1}.Release|x86.Build.0 = Release|Win32
		{F9F9555D-67AB-4F2A-80CC-44DB880E9806}.Debug|x64.ActiveCfg = Debug|x64
		{F9F9555D-67AB-4F2A-80CC-44DB880E9806}.Debug|x64.Build.0 = Debug|x64
		{F9F9555D-67AB-4F2A-80CC-44DB880E9806}.Debug|x86.ActiveCfg = Debug|Win32
		{F9F9555D-67AB-4F2A-80CC-44DB880E9806}.Debug|x86.Build.0 = Debug|Win32
		{F9F9555D-67AB-4F2A-80CC-44DB880E9806}.Release|x64.ActiveCfg = Release|x64
		{F9F9555D-67AB-4F2A-80CC-44DB880E9806}.Release|x64.Build.0 = Release|x64
		{F9F9555D-67AB-4F2A-80CC-44DB880E9806}.Release|x86.ActiveCfg = Release|Win32
		{F9F9555D-67AB-4F2A-80CC-44DB880E9806}.Release|x86.Build.0 = Release|Win32
	EndGlobalSection
	GlobalSection(SolutionProperties) = preSolution
		HideSolutionNode = FALSE
	EndGlobalSection
	GlobalSection(ExtensibilityGlobals) = postSolution
		SolutionGuid = {DF71C89F-E062-43C5-8FD6-FE719FB1AD7D}
	EndGlobalSection
EndGlobal
